
Microsoft Visual Studio Solution File, Format Version 12.00
# Visual Studio Version 17
VisualStudioVersion = 17.13.35931.197
MinimumVisualStudioVersion = 10.0.40219.1
Project("{FAE04EC0-301F-11D3-BF4B-00C04F79EFBC}") = "Client", "Client\Client.csproj", "{96651C75-252D-46CE-9DEA-E39F2438F810}"
EndProject
Project("{FAE04EC0-301F-11D3-BF4B-00C04F79EFBC}") = "Server", "Server\Server.csproj", "{5F750ED7-7995-4C2C-AA15-34BDC3219D1D}"
EndProject
Global
	GlobalSection(SolutionConfigurationPlatforms) = preSolution
		Debug|Any CPU = Debug|Any CPU
		Release|Any CPU = Release|Any CPU
	EndGlobalSection
	GlobalSection(ProjectConfigurationPlatforms) = postSolution
		{96651C75-252D-46CE-9DEA-E39F2438F810}.Debug|Any CPU.ActiveCfg = Debug|Any CPU
		{96651C75-252D-46CE-9DEA-E39F2438F810}.Debug|Any CPU.Build.0 = Debug|Any CPU
		{96651C75-252D-46CE-9DEA-E39F2438F810}.Release|Any CPU.ActiveCfg = Release|Any CPU
		{96651C75-252D-46CE-9DEA-E39F2438F810}.Release|Any CPU.Build.0 = Release|Any CPU
		{5F750ED7-7995-4C2C-AA15-34BDC3219D1D}.Debug|Any CPU.ActiveCfg = Debug|Any CPU
		{5F750ED7-7995-4C2C-AA15-34BDC3219D1D}.Debug|Any CPU.Build.0 = Debug|Any CPU
		{5F750ED7-7995-4C2C-AA15-34BDC3219D1D}.Release|Any CPU.ActiveCfg = Release|Any CPU
		{5F750ED7-7995-4C2C-AA15-34BDC3219D1D}.Release|Any CPU.Build.0 = Release|Any CPU
	EndGlobalSection
	GlobalSection(SolutionProperties) = preSolution
		HideSolutionNode = FALSE
	EndGlobalSection
	GlobalSection(ExtensibilityGlobals) = postSolution
		SolutionGuid = {F72B8D71-309E-4AA9-8C8D-DD122342CD35}
	EndGlobalSection
EndGlobal
