
Microsoft Visual Studio Solution File, Format Version 12.00
# Visual Studio Version 17
VisualStudioVersion = 17.8.34322.80
MinimumVisualStudioVersion = 10.0.40219.1
Project("{FAE04EC0-301F-11D3-BF4B-00C04F79EFBC}") = "WebApplication2", "WebApplication2\WebApplication2.csproj", "{D43E825A-ABB9-435F-BE5C-D9C18746BA8C}"
EndProject
Project("{FAE04EC0-301F-11D3-BF4B-00C04F79EFBC}") = "ClassLibrary1", "ClassLibrary1\ClassLibrary1.csproj", "{1D206FA1-6146-46DA-BA6B-1616EE65C3E0}"
EndProject
Global
	GlobalSection(SolutionConfigurationPlatforms) = preSolution
		Debug|Any CPU = Debug|Any CPU
		Release|Any CPU = Release|Any CPU
	EndGlobalSection
	GlobalSection(ProjectConfigurationPlatforms) = postSolution
		{D43E825A-ABB9-435F-BE5C-D9C18746BA8C}.Debug|Any CPU.ActiveCfg = Debug|Any CPU
		{D43E825A-ABB9-435F-BE5C-D9C18746BA8C}.Debug|Any CPU.Build.0 = Debug|Any CPU
		{D43E825A-ABB9-435F-BE5C-D9C18746BA8C}.Release|Any CPU.ActiveCfg = Release|Any CPU
		{D43E825A-ABB9-435F-BE5C-D9C18746BA8C}.Release|Any CPU.Build.0 = Release|Any CPU
		{1D206FA1-6146-46DA-BA6B-1616EE65C3E0}.Debug|Any CPU.ActiveCfg = Debug|Any CPU
		{1D206FA1-6146-46DA-BA6B-1616EE65C3E0}.Debug|Any CPU.Build.0 = Debug|Any CPU
		{1D206FA1-6146-46DA-BA6B-1616EE65C3E0}.Release|Any CPU.ActiveCfg = Release|Any CPU
		{1D206FA1-6146-46DA-BA6B-1616EE65C3E0}.Release|Any CPU.Build.0 = Release|Any CPU
	EndGlobalSection
	GlobalSection(SolutionProperties) = preSolution
		HideSolutionNode = FALSE
	EndGlobalSection
	GlobalSection(ExtensibilityGlobals) = postSolution
		SolutionGuid = {75568712-C5A0-4236-A560-2C485BE6A356}
	EndGlobalSection
EndGlobal
