
Microsoft Visual Studio Solution File, Format Version 12.00
# Visual Studio Version 17
VisualStudioVersion = 17.9.34728.123
MinimumVisualStudioVersion = 10.0.40219.1
Project("{FAE04EC0-301F-11D3-BF4B-00C04F79EFBC}") = "WebSocketTest", "WebSocketTest\WebSocketTest.csproj", "{CC6ADAC8-6294-4B38-8C87-D3EF4096BFB9}"
EndProject
Project("{9A19103F-16F7-4668-BE54-9A1E7A4F7556}") = "ConsoleApp1", "ConsoleApp1\ConsoleApp1.csproj", "{FE19611D-5E95-4AA4-870A-4797D71B404A}"
EndProject
Global
	GlobalSection(SolutionConfigurationPlatforms) = preSolution
		Debug|Any CPU = Debug|Any CPU
		Release|Any CPU = Release|Any CPU
	EndGlobalSection
	GlobalSection(ProjectConfigurationPlatforms) = postSolution
		{CC6ADAC8-6294-4B38-8C87-D3EF4096BFB9}.Debug|Any CPU.ActiveCfg = Debug|Any CPU
		{CC6ADAC8-6294-4B38-8C87-D3EF4096BFB9}.Debug|Any CPU.Build.0 = Debug|Any CPU
		{CC6ADAC8-6294-4B38-8C87-D3EF4096BFB9}.Release|Any CPU.ActiveCfg = Release|Any CPU
		{CC6ADAC8-6294-4B38-8C87-D3EF4096BFB9}.Release|Any CPU.Build.0 = Release|Any CPU
		{FE19611D-5E95-4AA4-870A-4797D71B404A}.Debug|Any CPU.ActiveCfg = Debug|Any CPU
		{FE19611D-5E95-4AA4-870A-4797D71B404A}.Debug|Any CPU.Build.0 = Debug|Any CPU
		{FE19611D-5E95-4AA4-870A-4797D71B404A}.Release|Any CPU.ActiveCfg = Release|Any CPU
		{FE19611D-5E95-4AA4-870A-4797D71B404A}.Release|Any CPU.Build.0 = Release|Any CPU
	EndGlobalSection
	GlobalSection(SolutionProperties) = preSolution
		HideSolutionNode = FALSE
	EndGlobalSection
	GlobalSection(ExtensibilityGlobals) = postSolution
		SolutionGuid = {E14CB534-C2BF-4900-B729-F87A60E9C5C2}
	EndGlobalSection
EndGlobal
