
Microsoft Visual Studio Solution File, Format Version 12.00
# Visual Studio Version 17
VisualStudioVersion = 17.9.34622.214
MinimumVisualStudioVersion = 10.0.40219.1
Project("{FAE04EC0-301F-11D3-BF4B-00C04F79EFBC}") = "Demo012", "Demo\Demo012.csproj", "{BA29E8D2-00E8-4380-ABA3-36DF2B588F99}"
EndProject
Global
	GlobalSection(SolutionConfigurationPlatforms) = preSolution
		Debug|Any CPU = Debug|Any CPU
		Release|Any CPU = Release|Any CPU
	EndGlobalSection
	GlobalSection(ProjectConfigurationPlatforms) = postSolution
		{BA29E8D2-00E8-4380-ABA3-36DF2B588F99}.Debug|Any CPU.ActiveCfg = Debug|Any CPU
		{BA29E8D2-00E8-4380-ABA3-36DF2B588F99}.Debug|Any CPU.Build.0 = Debug|Any CPU
		{BA29E8D2-00E8-4380-ABA3-36DF2B588F99}.Release|Any CPU.ActiveCfg = Release|Any CPU
		{BA29E8D2-00E8-4380-ABA3-36DF2B588F99}.Release|Any CPU.Build.0 = Release|Any CPU
	EndGlobalSection
	GlobalSection(SolutionProperties) = preSolution
		HideSolutionNode = FALSE
	EndGlobalSection
	GlobalSection(ExtensibilityGlobals) = postSolution
		SolutionGuid = {A7F917E8-59B1-4848-B40D-F703ABB8311F}
	EndGlobalSection
EndGlobal
