
Microsoft Visual Studio Solution File, Format Version 12.00
# Visual Studio Version 17
VisualStudioVersion = 17.9.34701.34
MinimumVisualStudioVersion = 10.0.40219.1
Project("{9A19103F-16F7-4668-BE54-9A1E7A4F7556}") = "ClientDemo", "ClientDemo.csproj", "{9CE01CC5-3B75-466E-B387-2F904529A22A}"
EndProject
Global
	GlobalSection(SolutionConfigurationPlatforms) = preSolution
		Debug|Any CPU = Debug|Any CPU
		Release|Any CPU = Release|Any CPU
	EndGlobalSection
	GlobalSection(ProjectConfigurationPlatforms) = postSolution
		{9CE01CC5-3B75-466E-B387-2F904529A22A}.Debug|Any CPU.ActiveCfg = Debug|Any CPU
		{9CE01CC5-3B75-466E-B387-2F904529A22A}.Debug|Any CPU.Build.0 = Debug|Any CPU
		{9CE01CC5-3B75-466E-B387-2F904529A22A}.Release|Any CPU.ActiveCfg = Release|Any CPU
		{9CE01CC5-3B75-466E-B387-2F904529A22A}.Release|Any CPU.Build.0 = Release|Any CPU
	EndGlobalSection
	GlobalSection(SolutionProperties) = preSolution
		HideSolutionNode = FALSE
	EndGlobalSection
	GlobalSection(ExtensibilityGlobals) = postSolution
		SolutionGuid = {029E05D7-7A14-4884-9ACE-E46F0FFDAA79}
	EndGlobalSection
EndGlobal
